
Microsoft Visual Studio Solution File, Format Version 12.00
# Visual Studio Version 16
VisualStudioVersion = 16.0.30621.155
MinimumVisualStudioVersion = 10.0.40219.1
Project("{FAE04EC0-301F-11D3-BF4B-00C04F79EFBC}") = "ejercicioR", "ejercicioR\ejercicioR.csproj", "{CEC26D35-DE63-460C-9A9F-22F58D1783CE}"
EndProject
Global
	GlobalSection(SolutionConfigurationPlatforms) = preSolution
		Debug|Any CPU = Debug|Any CPU
		Release|Any CPU = Release|Any CPU
	EndGlobalSection
	GlobalSection(ProjectConfigurationPlatforms) = postSolution
		{CEC26D35-DE63-460C-9A9F-22F58D1783CE}.Debug|Any CPU.ActiveCfg = Debug|Any CPU
		{CEC26D35-DE63-460C-9A9F-22F58D1783CE}.Debug|Any CPU.Build.0 = Debug|Any CPU
		{CEC26D35-DE63-460C-9A9F-22F58D1783CE}.Release|Any CPU.ActiveCfg = Release|Any CPU
		{CEC26D35-DE63-460C-9A9F-22F58D1783CE}.Release|Any CPU.Build.0 = Release|Any CPU
	EndGlobalSection
	GlobalSection(SolutionProperties) = preSolution
		HideSolutionNode = FALSE
	EndGlobalSection
	GlobalSection(ExtensibilityGlobals) = postSolution
		SolutionGuid = {CAB11CA6-6E92-4365-BCE7-D2E3DBE5927E}
	EndGlobalSection
EndGlobal
